
Microsoft Visual Studio Solution File, Format Version 12.00
# Visual Studio Version 16
VisualStudioVersion = 16.0.31515.178
MinimumVisualStudioVersion = 10.0.40219.1
Project("{FAE04EC0-301F-11D3-BF4B-00C04F79EFBC}") = "Practica 1", "Practica 1\Practica 1.csproj", "{760764D9-9376-4BD1-904A-35DE07DCED1D}"
EndProject
Global
	GlobalSection(SolutionConfigurationPlatforms) = preSolution
		Debug|Any CPU = Debug|Any CPU
		Release|Any CPU = Release|Any CPU
	EndGlobalSection
	GlobalSection(ProjectConfigurationPlatforms) = postSolution
		{760764D9-9376-4BD1-904A-35DE07DCED1D}.Debug|Any CPU.ActiveCfg = Debug|Any CPU
		{760764D9-9376-4BD1-904A-35DE07DCED1D}.Debug|Any CPU.Build.0 = Debug|Any CPU
		{760764D9-9376-4BD1-904A-35DE07DCED1D}.Release|Any CPU.ActiveCfg = Release|Any CPU
		{760764D9-9376-4BD1-904A-35DE07DCED1D}.Release|Any CPU.Build.0 = Release|Any CPU
	EndGlobalSection
	GlobalSection(SolutionProperties) = preSolution
		HideSolutionNode = FALSE
	EndGlobalSection
	GlobalSection(ExtensibilityGlobals) = postSolution
		SolutionGuid = {4BD57B8B-E48A-4838-9DFF-EBC071B4048A}
	EndGlobalSection
EndGlobal
